
Microsoft Visual Studio Solution File, Format Version 12.00
# Visual Studio Version 16
VisualStudioVersion = 16.0.30523.141
MinimumVisualStudioVersion = 10.0.40219.1
Project("{9A19103F-16F7-4668-BE54-9A1E7A4F7556}") = "authorization-play.Test", "authorization-play.Test\authorization-play.Test.csproj", "{5BCDCFA4-3AE2-4B89-80D2-FDB5F8AE92DC}"
EndProject
Project("{9A19103F-16F7-4668-BE54-9A1E7A4F7556}") = "authorization-play.Core", "authorization-play.Core\authorization-play.Core.csproj", "{AB2AF305-513E-4403-A8D5-A10F0EE67567}"
EndProject
Project("{9A19103F-16F7-4668-BE54-9A1E7A4F7556}") = "authorization-play.Api", "authorization-play.Api\authorization-play.Api.csproj", "{AD411FC5-BCC9-42AA-ABC1-15A57BDF5631}"
EndProject
Project("{9A19103F-16F7-4668-BE54-9A1E7A4F7556}") = "authorization-play.TestApi", "authorization-play.TestApi\authorization-play.TestApi.csproj", "{01E307AD-E0AC-42E6-8012-0893CA942BD7}"
EndProject
Project("{9A19103F-16F7-4668-BE54-9A1E7A4F7556}") = "authorization-play.Middleware", "authorization-play.Middleware\authorization-play.Middleware.csproj", "{71715F3C-829C-4E7B-A301-7C68A691742C}"
EndProject
Project("{E53339B2-1760-4266-BCC7-CA923CBCF16C}") = "docker-compose", "docker-compose.dcproj", "{84887EE6-E6FB-491B-92AC-57D14B11BC72}"
EndProject
Project("{9A19103F-16F7-4668-BE54-9A1E7A4F7556}") = "authorization-play.Persistance", "authorization-play.Persistance\authorization-play.Persistance.csproj", "{41F4487A-B0B7-42DE-B201-1911D6B21B27}"
EndProject
Global
	GlobalSection(SolutionConfigurationPlatforms) = preSolution
		Debug|Any CPU = Debug|Any CPU
		Release|Any CPU = Release|Any CPU
	EndGlobalSection
	GlobalSection(ProjectConfigurationPlatforms) = postSolution
		{5BCDCFA4-3AE2-4B89-80D2-FDB5F8AE92DC}.Debug|Any CPU.ActiveCfg = Debug|Any CPU
		{5BCDCFA4-3AE2-4B89-80D2-FDB5F8AE92DC}.Debug|Any CPU.Build.0 = Debug|Any CPU
		{5BCDCFA4-3AE2-4B89-80D2-FDB5F8AE92DC}.Release|Any CPU.ActiveCfg = Release|Any CPU
		{5BCDCFA4-3AE2-4B89-80D2-FDB5F8AE92DC}.Release|Any CPU.Build.0 = Release|Any CPU
		{AB2AF305-513E-4403-A8D5-A10F0EE67567}.Debug|Any CPU.ActiveCfg = Debug|Any CPU
		{AB2AF305-513E-4403-A8D5-A10F0EE67567}.Debug|Any CPU.Build.0 = Debug|Any CPU
		{AB2AF305-513E-4403-A8D5-A10F0EE67567}.Release|Any CPU.ActiveCfg = Release|Any CPU
		{AB2AF305-513E-4403-A8D5-A10F0EE67567}.Release|Any CPU.Build.0 = Release|Any CPU
		{AD411FC5-BCC9-42AA-ABC1-15A57BDF5631}.Debug|Any CPU.ActiveCfg = Debug|Any CPU
		{AD411FC5-BCC9-42AA-ABC1-15A57BDF5631}.Debug|Any CPU.Build.0 = Debug|Any CPU
		{AD411FC5-BCC9-42AA-ABC1-15A57BDF5631}.Release|Any CPU.ActiveCfg = Release|Any CPU
		{AD411FC5-BCC9-42AA-ABC1-15A57BDF5631}.Release|Any CPU.Build.0 = Release|Any CPU
		{01E307AD-E0AC-42E6-8012-0893CA942BD7}.Debug|Any CPU.ActiveCfg = Debug|Any CPU
		{01E307AD-E0AC-42E6-8012-0893CA942BD7}.Debug|Any CPU.Build.0 = Debug|Any CPU
		{01E307AD-E0AC-42E6-8012-0893CA942BD7}.Release|Any CPU.ActiveCfg = Release|Any CPU
		{01E307AD-E0AC-42E6-8012-0893CA942BD7}.Release|Any CPU.Build.0 = Release|Any CPU
		{71715F3C-829C-4E7B-A301-7C68A691742C}.Debug|Any CPU.ActiveCfg = Debug|Any CPU
		{71715F3C-829C-4E7B-A301-7C68A691742C}.Debug|Any CPU.Build.0 = Debug|Any CPU
		{71715F3C-829C-4E7B-A301-7C68A691742C}.Release|Any CPU.ActiveCfg = Release|Any CPU
		{71715F3C-829C-4E7B-A301-7C68A691742C}.Release|Any CPU.Build.0 = Release|Any CPU
		{84887EE6-E6FB-491B-92AC-57D14B11BC72}.Debug|Any CPU.ActiveCfg = Debug|Any CPU
		{84887EE6-E6FB-491B-92AC-57D14B11BC72}.Debug|Any CPU.Build.0 = Debug|Any CPU
		{84887EE6-E6FB-491B-92AC-57D14B11BC72}.Release|Any CPU.ActiveCfg = Release|Any CPU
		{84887EE6-E6FB-491B-92AC-57D14B11BC72}.Release|Any CPU.Build.0 = Release|Any CPU
		{41F4487A-B0B7-42DE-B201-1911D6B21B27}.Debug|Any CPU.ActiveCfg = Debug|Any CPU
		{41F4487A-B0B7-42DE-B201-1911D6B21B27}.Debug|Any CPU.Build.0 = Debug|Any CPU
		{41F4487A-B0B7-42DE-B201-1911D6B21B27}.Release|Any CPU.ActiveCfg = Release|Any CPU
		{41F4487A-B0B7-42DE-B201-1911D6B21B27}.Release|Any CPU.Build.0 = Release|Any CPU
	EndGlobalSection
	GlobalSection(SolutionProperties) = preSolution
		HideSolutionNode = FALSE
	EndGlobalSection
	GlobalSection(ExtensibilityGlobals) = postSolution
		SolutionGuid = {61AB8AB4-A1D5-4D7B-B26F-96B7932D7A0F}
	EndGlobalSection
EndGlobal
